// !$*UTF8*$!
{
	archiveVersion = 1;
	classes = {
	};
	objectVersion = 46;
	objects = {

/* Begin PBXBuildFile section */
		344C39E51EC4E0B2007F9466 /* Assets.xcassets in Resources */ = {isa = PBXBuildFile; fileRef = 344C39E41EC4E0B2007F9466 /* Assets.xcassets */; };
		3455A6A71EC4DAA6000057E4 /* cocoa_init.m in Sources */ = {isa = PBXBuildFile; fileRef = 3455A69A1EC4DAA6000057E4 /* cocoa_init.m */; };
		3455A6A81EC4DAA6000057E4 /* cocoa_joystick.m in Sources */ = {isa = PBXBuildFile; fileRef = 3455A69B1EC4DAA6000057E4 /* cocoa_joystick.m */; };
		3455A6A91EC4DAA6000057E4 /* cocoa_monitor.m in Sources */ = {isa = PBXBuildFile; fileRef = 3455A69C1EC4DAA6000057E4 /* cocoa_monitor.m */; };
		3455A6AA1EC4DAA6000057E4 /* cocoa_time.c in Sources */ = {isa = PBXBuildFile; fileRef = 3455A69D1EC4DAA6000057E4 /* cocoa_time.c */; };
		3455A6AB1EC4DAA6000057E4 /* cocoa_window.m in Sources */ = {isa = PBXBuildFile; fileRef = 3455A69E1EC4DAA6000057E4 /* cocoa_window.m */; };
		3455A6AC1EC4DAA6000057E4 /* context.c in Sources */ = {isa = PBXBuildFile; fileRef = 3455A69F1EC4DAA6000057E4 /* context.c */; };
		3455A6AD1EC4DAA6000057E4 /* init.c in Sources */ = {isa = PBXBuildFile; fileRef = 3455A6A01EC4DAA6000057E4 /* init.c */; };
		3455A6AE1EC4DAA6000057E4 /* input.c in Sources */ = {isa = PBXBuildFile; fileRef = 3455A6A11EC4DAA6000057E4 /* input.c */; };
		3455A6AF1EC4DAA6000057E4 /* monitor.c in Sources */ = {isa = PBXBuildFile; fileRef = 3455A6A21EC4DAA6000057E4 /* monitor.c */; };
		3455A6B01EC4DAA6000057E4 /* nsgl_context.m in Sources */ = {isa = PBXBuildFile; fileRef = 3455A6A31EC4DAA6000057E4 /* nsgl_context.m */; };
		3455A6B11EC4DAA6000057E4 /* posix_tls.c in Sources */ = {isa = PBXBuildFile; fileRef = 3455A6A41EC4DAA6000057E4 /* posix_tls.c */; };
		3455A6B21EC4DAA6000057E4 /* vulkan.c in Sources */ = {isa = PBXBuildFile; fileRef = 3455A6A51EC4DAA6000057E4 /* vulkan.c */; };
		3455A6B31EC4DAA7000057E4 /* window.c in Sources */ = {isa = PBXBuildFile; fileRef = 3455A6A61EC4DAA6000057E4 /* window.c */; };
		3455A6B41EC4DB8F000057E4 /* libglfw.a in Frameworks */ = {isa = PBXBuildFile; fileRef = 3455A6961EC4DA71000057E4 /* libglfw.a */; };
		348B4C9F21FD6F6300FDD235 /* qrcodegen.c in Sources */ = {isa = PBXBuildFile; fileRef = 348B4C9E21FD6F6300FDD235 /* qrcodegen.c */; };
		348B4CA021FD6F8700FDD235 /* libnayuki.a in Frameworks */ = {isa = PBXBuildFile; fileRef = 348B4C9C21FD6F3000FDD235 /* libnayuki.a */; };
		349C53E51EC4D6CB008D42C6 /* main.cpp in Sources */ = {isa = PBXBuildFile; fileRef = 345D937D1EC4C47D003B7C63 /* main.cpp */; };
		349C53E71EC4D6FC008D42C6 /* OpenGL.framework in Frameworks */ = {isa = PBXBuildFile; fileRef = 345D93DC1EC4C53B003B7C63 /* OpenGL.framework */; };
		349C53E81EC4D700008D42C6 /* Cocoa.framework in Frameworks */ = {isa = PBXBuildFile; fileRef = 345D93E21EC4C54C003B7C63 /* Cocoa.framework */; };
		349C53E91EC4D707008D42C6 /* IOKit.framework in Frameworks */ = {isa = PBXBuildFile; fileRef = 345D93E01EC4C543003B7C63 /* IOKit.framework */; };
		349C53EA1EC4D70D008D42C6 /* CoreVideo.framework in Frameworks */ = {isa = PBXBuildFile; fileRef = 345D93DE1EC4C540003B7C63 /* CoreVideo.framework */; };
		349DA41221FD64180038A877 /* libcivetweb.a in Frameworks */ = {isa = PBXBuildFile; fileRef = 349DA41121FD63E30038A877 /* libcivetweb.a */; };
		349DA41521FD64D60038A877 /* civetweb.c in Sources */ = {isa = PBXBuildFile; fileRef = 349DA41421FD64D60038A877 /* civetweb.c */; };
/* End PBXBuildFile section */

/* Begin PBXFileReference section */
		344C39E41EC4E0B2007F9466 /* Assets.xcassets */ = {isa = PBXFileReference; lastKnownFileType = folder.assetcatalog; name = Assets.xcassets; path = platform/macOS/Assets.xcassets; sourceTree = SOURCE_ROOT; };
		3455A6961EC4DA71000057E4 /* libglfw.a */ = {isa = PBXFileReference; explicitFileType = archive.ar; includeInIndex = 0; path = libglfw.a; sourceTree = BUILT_PRODUCTS_DIR; };
		3455A69A1EC4DAA6000057E4 /* cocoa_init.m */ = {isa = PBXFileReference; fileEncoding = 4; lastKnownFileType = sourcecode.c.objc; name = cocoa_init.m; path = "lib/glfw-3.2.1/src/cocoa_init.m"; sourceTree = "<group>"; };
		3455A69B1EC4DAA6000057E4 /* cocoa_joystick.m */ = {isa = PBXFileReference; fileEncoding = 4; lastKnownFileType = sourcecode.c.objc; name = cocoa_joystick.m; path = "lib/glfw-3.2.1/src/cocoa_joystick.m"; sourceTree = "<group>"; };
		3455A69C1EC4DAA6000057E4 /* cocoa_monitor.m */ = {isa = PBXFileReference; fileEncoding = 4; lastKnownFileType = sourcecode.c.objc; name = cocoa_monitor.m; path = "lib/glfw-3.2.1/src/cocoa_monitor.m"; sourceTree = "<group>"; };
		3455A69D1EC4DAA6000057E4 /* cocoa_time.c */ = {isa = PBXFileReference; fileEncoding = 4; lastKnownFileType = sourcecode.c.c; name = cocoa_time.c; path = "lib/glfw-3.2.1/src/cocoa_time.c"; sourceTree = "<group>"; };
		3455A69E1EC4DAA6000057E4 /* cocoa_window.m */ = {isa = PBXFileReference; fileEncoding = 4; lastKnownFileType = sourcecode.c.objc; name = cocoa_window.m; path = "lib/glfw-3.2.1/src/cocoa_window.m"; sourceTree = "<group>"; };
		3455A69F1EC4DAA6000057E4 /* context.c */ = {isa = PBXFileReference; fileEncoding = 4; lastKnownFileType = sourcecode.c.c; name = context.c; path = "lib/glfw-3.2.1/src/context.c"; sourceTree = "<group>"; };
		3455A6A01EC4DAA6000057E4 /* init.c */ = {isa = PBXFileReference; fileEncoding = 4; lastKnownFileType = sourcecode.c.c; name = init.c; path = "lib/glfw-3.2.1/src/init.c"; sourceTree = "<group>"; };
		3455A6A11EC4DAA6000057E4 /* input.c */ = {isa = PBXFileReference; fileEncoding = 4; lastKnownFileType = sourcecode.c.c; name = input.c; path = "lib/glfw-3.2.1/src/input.c"; sourceTree = "<group>"; };
		3455A6A21EC4DAA6000057E4 /* monitor.c */ = {isa = PBXFileReference; fileEncoding = 4; lastKnownFileType = sourcecode.c.c; name = monitor.c; path = "lib/glfw-3.2.1/src/monitor.c"; sourceTree = "<group>"; };
		3455A6A31EC4DAA6000057E4 /* nsgl_context.m */ = {isa = PBXFileReference; fileEncoding = 4; lastKnownFileType = sourcecode.c.objc; name = nsgl_context.m; path = "lib/glfw-3.2.1/src/nsgl_context.m"; sourceTree = "<group>"; };
		3455A6A41EC4DAA6000057E4 /* posix_tls.c */ = {isa = PBXFileReference; fileEncoding = 4; lastKnownFileType = sourcecode.c.c; name = posix_tls.c; path = "lib/glfw-3.2.1/src/posix_tls.c"; sourceTree = "<group>"; };
		3455A6A51EC4DAA6000057E4 /* vulkan.c */ = {isa = PBXFileReference; fileEncoding = 4; lastKnownFileType = sourcecode.c.c; name = vulkan.c; path = "lib/glfw-3.2.1/src/vulkan.c"; sourceTree = "<group>"; };
		3455A6A61EC4DAA6000057E4 /* window.c */ = {isa = PBXFileReference; fileEncoding = 4; lastKnownFileType = sourcecode.c.c; name = window.c; path = "lib/glfw-3.2.1/src/window.c"; sourceTree = "<group>"; };
		345D937D1EC4C47D003B7C63 /* main.cpp */ = {isa = PBXFileReference; lastKnownFileType = sourcecode.cpp.cpp; name = main.cpp; path = src/main.cpp; sourceTree = SOURCE_ROOT; };
		345D93DC1EC4C53B003B7C63 /* OpenGL.framework */ = {isa = PBXFileReference; lastKnownFileType = wrapper.framework; name = OpenGL.framework; path = System/Library/Frameworks/OpenGL.framework; sourceTree = SDKROOT; };
		345D93DE1EC4C540003B7C63 /* CoreVideo.framework */ = {isa = PBXFileReference; lastKnownFileType = wrapper.framework; name = CoreVideo.framework; path = System/Library/Frameworks/CoreVideo.framework; sourceTree = SDKROOT; };
		345D93E01EC4C543003B7C63 /* IOKit.framework */ = {isa = PBXFileReference; lastKnownFileType = wrapper.framework; name = IOKit.framework; path = System/Library/Frameworks/IOKit.framework; sourceTree = SDKROOT; };
		345D93E21EC4C54C003B7C63 /* Cocoa.framework */ = {isa = PBXFileReference; lastKnownFileType = wrapper.framework; name = Cocoa.framework; path = System/Library/Frameworks/Cocoa.framework; sourceTree = SDKROOT; };
		348B4C9021FD668700FDD235 /* handle_form.inl */ = {isa = PBXFileReference; fileEncoding = 4; lastKnownFileType = text; name = handle_form.inl; path = "lib/civetweb-1.11/src/handle_form.inl"; sourceTree = "<group>"; };
		348B4C9121FD668700FDD235 /* sha1.inl */ = {isa = PBXFileReference; fileEncoding = 4; lastKnownFileType = text; name = sha1.inl; path = "lib/civetweb-1.11/src/sha1.inl"; sourceTree = "<group>"; };
		348B4C9221FD668700FDD235 /* md5.inl */ = {isa = PBXFileReference; fileEncoding = 4; lastKnownFileType = text; name = md5.inl; path = "lib/civetweb-1.11/src/md5.inl"; sourceTree = "<group>"; };
		348B4C9321FD668700FDD235 /* timer.inl */ = {isa = PBXFileReference; fileEncoding = 4; lastKnownFileType = text; name = timer.inl; path = "lib/civetweb-1.11/src/timer.inl"; sourceTree = "<group>"; };
		348B4C9C21FD6F3000FDD235 /* libnayuki.a */ = {isa = PBXFileReference; explicitFileType = archive.ar; includeInIndex = 0; path = libnayuki.a; sourceTree = BUILT_PRODUCTS_DIR; };
		348B4C9E21FD6F6300FDD235 /* qrcodegen.c */ = {isa = PBXFileReference; fileEncoding = 4; lastKnownFileType = sourcecode.c.c; name = qrcodegen.c; path = "lib/nayuki-1.4.0/qrcodegen.c"; sourceTree = "<group>"; };
		349C53B21EC4D6B9008D42C6 /* CouchPlay.app */ = {isa = PBXFileReference; explicitFileType = wrapper.application; includeInIndex = 0; path = CouchPlay.app; sourceTree = BUILT_PRODUCTS_DIR; };
		349C53C21EC4D6B9008D42C6 /* Info.plist */ = {isa = PBXFileReference; lastKnownFileType = text.plist.xml; name = Info.plist; path = platform/macOS/Info.plist; sourceTree = SOURCE_ROOT; };
		349DA41121FD63E30038A877 /* libcivetweb.a */ = {isa = PBXFileReference; explicitFileType = archive.ar; includeInIndex = 0; path = libcivetweb.a; sourceTree = BUILT_PRODUCTS_DIR; };
		349DA41421FD64D60038A877 /* civetweb.c */ = {isa = PBXFileReference; fileEncoding = 4; lastKnownFileType = sourcecode.c.c; name = civetweb.c; path = "lib/civetweb-1.11/src/civetweb.c"; sourceTree = "<group>"; };
/* End PBXFileReference section */

/* Begin PBXFrameworksBuildPhase section */
		3455A6931EC4DA71000057E4 /* Frameworks */ = {
			isa = PBXFrameworksBuildPhase;
			buildActionMask = 2147483647;
			files = (
			);
			runOnlyForDeploymentPostprocessing = 0;
		};
		348B4C9721FD6F3000FDD235 /* Frameworks */ = {
			isa = PBXFrameworksBuildPhase;
			buildActionMask = 2147483647;
			files = (
			);
			runOnlyForDeploymentPostprocessing = 0;
		};
		349C53AF1EC4D6B9008D42C6 /* Frameworks */ = {
			isa = PBXFrameworksBuildPhase;
			buildActionMask = 2147483647;
			files = (
				348B4CA021FD6F8700FDD235 /* libnayuki.a in Frameworks */,
				349DA41221FD64180038A877 /* libcivetweb.a in Frameworks */,
				3455A6B41EC4DB8F000057E4 /* libglfw.a in Frameworks */,
				349C53EA1EC4D70D008D42C6 /* CoreVideo.framework in Frameworks */,
				349C53E91EC4D707008D42C6 /* IOKit.framework in Frameworks */,
				349C53E81EC4D700008D42C6 /* Cocoa.framework in Frameworks */,
				349C53E71EC4D6FC008D42C6 /* OpenGL.framework in Frameworks */,
			);
			runOnlyForDeploymentPostprocessing = 0;
		};
		349DA40C21FD63E30038A877 /* Frameworks */ = {
			isa = PBXFrameworksBuildPhase;
			buildActionMask = 2147483647;
			files = (
			);
			runOnlyForDeploymentPostprocessing = 0;
		};
/* End PBXFrameworksBuildPhase section */

/* Begin PBXGroup section */
		3455A6901EC4DA41000057E4 /* lib */ = {
			isa = PBXGroup;
			children = (
				348B4C9D21FD6F5400FDD235 /* nayuki */,
				349DA41321FD64BC0038A877 /* civetweb */,
				3455A6911EC4DA4A000057E4 /* glfw */,
			);
			name = lib;
			sourceTree = "<group>";
		};
		3455A6911EC4DA4A000057E4 /* glfw */ = {
			isa = PBXGroup;
			children = (
				3455A69A1EC4DAA6000057E4 /* cocoa_init.m */,
				3455A69B1EC4DAA6000057E4 /* cocoa_joystick.m */,
				3455A69C1EC4DAA6000057E4 /* cocoa_monitor.m */,
				3455A69D1EC4DAA6000057E4 /* cocoa_time.c */,
				3455A69E1EC4DAA6000057E4 /* cocoa_window.m */,
				3455A69F1EC4DAA6000057E4 /* context.c */,
				3455A6A01EC4DAA6000057E4 /* init.c */,
				3455A6A11EC4DAA6000057E4 /* input.c */,
				3455A6A21EC4DAA6000057E4 /* monitor.c */,
				3455A6A31EC4DAA6000057E4 /* nsgl_context.m */,
				3455A6A41EC4DAA6000057E4 /* posix_tls.c */,
				3455A6A51EC4DAA6000057E4 /* vulkan.c */,
				3455A6A61EC4DAA6000057E4 /* window.c */,
			);
			name = glfw;
			sourceTree = "<group>";
		};
		345D93711EC4C47D003B7C63 = {
			isa = PBXGroup;
			children = (
				345D937C1EC4C47D003B7C63 /* src */,
				3455A6901EC4DA41000057E4 /* lib */,
				349C53B31EC4D6B9008D42C6 /* Support */,
				345D937B1EC4C47D003B7C63 /* Products */,
				345D93DB1EC4C53B003B7C63 /* Frameworks */,
			);
			sourceTree = "<group>";
		};
		345D937B1EC4C47D003B7C63 /* Products */ = {
			isa = PBXGroup;
			children = (
				349C53B21EC4D6B9008D42C6 /* CouchPlay.app */,
				3455A6961EC4DA71000057E4 /* libglfw.a */,
				349DA41121FD63E30038A877 /* libcivetweb.a */,
				348B4C9C21FD6F3000FDD235 /* libnayuki.a */,
			);
			name = Products;
			sourceTree = "<group>";
		};
		345D937C1EC4C47D003B7C63 /* src */ = {
			isa = PBXGroup;
			children = (
				345D937D1EC4C47D003B7C63 /* main.cpp */,
			);
			path = src;
			sourceTree = SOURCE_ROOT;
		};
		345D93DB1EC4C53B003B7C63 /* Frameworks */ = {
			isa = PBXGroup;
			children = (
				345D93E21EC4C54C003B7C63 /* Cocoa.framework */,
				345D93E01EC4C543003B7C63 /* IOKit.framework */,
				345D93DE1EC4C540003B7C63 /* CoreVideo.framework */,
				345D93DC1EC4C53B003B7C63 /* OpenGL.framework */,
			);
			name = Frameworks;
			sourceTree = "<group>";
		};
		348B4C9D21FD6F5400FDD235 /* nayuki */ = {
			isa = PBXGroup;
			children = (
				348B4C9E21FD6F6300FDD235 /* qrcodegen.c */,
			);
			name = nayuki;
			sourceTree = "<group>";
		};
		349C53B31EC4D6B9008D42C6 /* Support */ = {
			isa = PBXGroup;
			children = (
				349C53C21EC4D6B9008D42C6 /* Info.plist */,
				344C39E41EC4E0B2007F9466 /* Assets.xcassets */,
			);
			name = Support;
			path = platform/macOS;
			sourceTree = "<group>";
		};
		349DA41321FD64BC0038A877 /* civetweb */ = {
			isa = PBXGroup;
			children = (
				349DA41421FD64D60038A877 /* civetweb.c */,
				348B4C9021FD668700FDD235 /* handle_form.inl */,
				348B4C9221FD668700FDD235 /* md5.inl */,
				348B4C9121FD668700FDD235 /* sha1.inl */,
				348B4C9321FD668700FDD235 /* timer.inl */,
			);
			name = civetweb;
			sourceTree = "<group>";
		};
/* End PBXGroup section */

/* Begin PBXHeadersBuildPhase section */
		3455A6941EC4DA71000057E4 /* Headers */ = {
			isa = PBXHeadersBuildPhase;
			buildActionMask = 2147483647;
			files = (
			);
			runOnlyForDeploymentPostprocessing = 0;
		};
		348B4C9821FD6F3000FDD235 /* Headers */ = {
			isa = PBXHeadersBuildPhase;
			buildActionMask = 2147483647;
			files = (
			);
			runOnlyForDeploymentPostprocessing = 0;
		};
		349DA40D21FD63E30038A877 /* Headers */ = {
			isa = PBXHeadersBuildPhase;
			buildActionMask = 2147483647;
			files = (
			);
			runOnlyForDeploymentPostprocessing = 0;
		};
/* End PBXHeadersBuildPhase section */

/* Begin PBXNativeTarget section */
		3455A6951EC4DA71000057E4 /* glfw */ = {
			isa = PBXNativeTarget;
			buildConfigurationList = 3455A6971EC4DA71000057E4 /* Build configuration list for PBXNativeTarget "glfw" */;
			buildPhases = (
				3455A6921EC4DA71000057E4 /* Sources */,
				3455A6931EC4DA71000057E4 /* Frameworks */,
				3455A6941EC4DA71000057E4 /* Headers */,
			);
			buildRules = (
			);
			dependencies = (
			);
			name = glfw;
			productName = glfw;
			productReference = 3455A6961EC4DA71000057E4 /* libglfw.a */;
			productType = "com.apple.product-type.library.static";
		};
		348B4C9421FD6F3000FDD235 /* nayuki */ = {
			isa = PBXNativeTarget;
			buildConfigurationList = 348B4C9921FD6F3000FDD235 /* Build configuration list for PBXNativeTarget "nayuki" */;
			buildPhases = (
				348B4C9521FD6F3000FDD235 /* Sources */,
				348B4C9721FD6F3000FDD235 /* Frameworks */,
				348B4C9821FD6F3000FDD235 /* Headers */,
			);
			buildRules = (
			);
			dependencies = (
			);
			name = nayuki;
			productName = glfw;
			productReference = 348B4C9C21FD6F3000FDD235 /* libnayuki.a */;
			productType = "com.apple.product-type.library.static";
		};
		349C53B11EC4D6B9008D42C6 /* CouchPlay */ = {
			isa = PBXNativeTarget;
			buildConfigurationList = 349C53E41EC4D6B9008D42C6 /* Build configuration list for PBXNativeTarget "CouchPlay" */;
			buildPhases = (
				349C53AE1EC4D6B9008D42C6 /* Sources */,
				349C53AF1EC4D6B9008D42C6 /* Frameworks */,
				349C53B01EC4D6B9008D42C6 /* Resources */,
			);
			buildRules = (
			);
			dependencies = (
			);
			name = CouchPlay;
			productName = CouchPlay;
			productReference = 349C53B21EC4D6B9008D42C6 /* CouchPlay.app */;
			productType = "com.apple.product-type.application";
		};
		349DA3FD21FD63E30038A877 /* civetweb */ = {
			isa = PBXNativeTarget;
			buildConfigurationList = 349DA40E21FD63E30038A877 /* Build configuration list for PBXNativeTarget "civetweb" */;
			buildPhases = (
				349DA3FE21FD63E30038A877 /* Sources */,
				349DA40C21FD63E30038A877 /* Frameworks */,
				349DA40D21FD63E30038A877 /* Headers */,
			);
			buildRules = (
			);
			dependencies = (
			);
			name = civetweb;
			productName = glfw;
			productReference = 349DA41121FD63E30038A877 /* libcivetweb.a */;
			productType = "com.apple.product-type.library.static";
		};
/* End PBXNativeTarget section */

/* Begin PBXProject section */
		345D93721EC4C47D003B7C63 /* Project object */ = {
			isa = PBXProject;
			attributes = {
				LastUpgradeCheck = 1010;
				ORGANIZATIONNAME = "";
				TargetAttributes = {
					3455A6951EC4DA71000057E4 = {
						CreatedOnToolsVersion = 8.3.2;
						DevelopmentTeam = CFJYV723M9;
						ProvisioningStyle = Automatic;
					};
					348B4C9421FD6F3000FDD235 = {
						DevelopmentTeam = CFJYV723M9;
					};
					349C53B11EC4D6B9008D42C6 = {
						CreatedOnToolsVersion = 8.3.2;
						DevelopmentTeam = CFJYV723M9;
						ProvisioningStyle = Automatic;
					};
					349DA3FD21FD63E30038A877 = {
						DevelopmentTeam = CFJYV723M9;
					};
				};
			};
			buildConfigurationList = 345D93751EC4C47D003B7C63 /* Build configuration list for PBXProject "CouchPlay" */;
			compatibilityVersion = "Xcode 3.2";
			developmentRegion = English;
			hasScannedForEncodings = 0;
			knownRegions = (
				en,
				Base,
			);
			mainGroup = 345D93711EC4C47D003B7C63;
			productRefGroup = 345D937B1EC4C47D003B7C63 /* Products */;
			projectDirPath = "";
			projectRoot = "";
			targets = (
				349C53B11EC4D6B9008D42C6 /* CouchPlay */,
				3455A6951EC4DA71000057E4 /* glfw */,
				349DA3FD21FD63E30038A877 /* civetweb */,
				348B4C9421FD6F3000FDD235 /* nayuki */,
			);
		};
/* End PBXProject section */

/* Begin PBXResourcesBuildPhase section */
		349C53B01EC4D6B9008D42C6 /* Resources */ = {
			isa = PBXResourcesBuildPhase;
			buildActionMask = 2147483647;
			files = (
				344C39E51EC4E0B2007F9466 /* Assets.xcassets in Resources */,
			);
			runOnlyForDeploymentPostprocessing = 0;
		};
/* End PBXResourcesBuildPhase section */

/* Begin PBXSourcesBuildPhase section */
		3455A6921EC4DA71000057E4 /* Sources */ = {
			isa = PBXSourcesBuildPhase;
			buildActionMask = 2147483647;
			files = (
				3455A6B11EC4DAA6000057E4 /* posix_tls.c in Sources */,
				3455A6AE1EC4DAA6000057E4 /* input.c in Sources */,
				3455A6AA1EC4DAA6000057E4 /* cocoa_time.c in Sources */,
				3455A6AF1EC4DAA6000057E4 /* monitor.c in Sources */,
				3455A6AB1EC4DAA6000057E4 /* cocoa_window.m in Sources */,
				3455A6A91EC4DAA6000057E4 /* cocoa_monitor.m in Sources */,
				3455A6AC1EC4DAA6000057E4 /* context.c in Sources */,
				3455A6A71EC4DAA6000057E4 /* cocoa_init.m in Sources */,
				3455A6AD1EC4DAA6000057E4 /* init.c in Sources */,
				3455A6A81EC4DAA6000057E4 /* cocoa_joystick.m in Sources */,
				3455A6B31EC4DAA7000057E4 /* window.c in Sources */,
				3455A6B21EC4DAA6000057E4 /* vulkan.c in Sources */,
				3455A6B01EC4DAA6000057E4 /* nsgl_context.m in Sources */,
			);
			runOnlyForDeploymentPostprocessing = 0;
		};
		348B4C9521FD6F3000FDD235 /* Sources */ = {
			isa = PBXSourcesBuildPhase;
			buildActionMask = 2147483647;
			files = (
				348B4C9F21FD6F6300FDD235 /* qrcodegen.c in Sources */,
			);
			runOnlyForDeploymentPostprocessing = 0;
		};
		349C53AE1EC4D6B9008D42C6 /* Sources */ = {
			isa = PBXSourcesBuildPhase;
			buildActionMask = 2147483647;
			files = (
				349C53E51EC4D6CB008D42C6 /* main.cpp in Sources */,
			);
			runOnlyForDeploymentPostprocessing = 0;
		};
		349DA3FE21FD63E30038A877 /* Sources */ = {
			isa = PBXSourcesBuildPhase;
			buildActionMask = 2147483647;
			files = (
				349DA41521FD64D60038A877 /* civetweb.c in Sources */,
			);
			runOnlyForDeploymentPostprocessing = 0;
		};
/* End PBXSourcesBuildPhase section */

/* Begin XCBuildConfiguration section */
		3455A6981EC4DA71000057E4 /* Debug */ = {
			isa = XCBuildConfiguration;
			buildSettings = {
				CLANG_ENABLE_OBJC_ARC = NO;
				CLANG_ENABLE_OBJC_WEAK = YES;
				DEVELOPMENT_TEAM = CFJYV723M9;
				EXECUTABLE_PREFIX = lib;
				GCC_PREPROCESSOR_DEFINITIONS = (
					"$(inherited)",
					_GLFW_COCOA,
					_GLFW_USE_CHDIR,
					_GLFW_USE_MENUBAR,
					_GLFW_USE_RETINA,
				);
				GCC_WARN_INHIBIT_ALL_WARNINGS = YES;
				PRODUCT_NAME = "$(TARGET_NAME)";
				SKIP_INSTALL = YES;
			};
			name = Debug;
		};
		3455A6991EC4DA71000057E4 /* Release */ = {
			isa = XCBuildConfiguration;
			buildSettings = {
				CLANG_ENABLE_OBJC_ARC = NO;
				CLANG_ENABLE_OBJC_WEAK = YES;
				DEVELOPMENT_TEAM = CFJYV723M9;
				EXECUTABLE_PREFIX = lib;
				GCC_PREPROCESSOR_DEFINITIONS = (
					_GLFW_COCOA,
					_GLFW_USE_CHDIR,
					_GLFW_USE_MENUBAR,
					_GLFW_USE_RETINA,
				);
				GCC_WARN_INHIBIT_ALL_WARNINGS = YES;
				PRODUCT_NAME = "$(TARGET_NAME)";
				SKIP_INSTALL = YES;
			};
			name = Release;
		};
		345D937F1EC4C47D003B7C63 /* Debug */ = {
			isa = XCBuildConfiguration;
			buildSettings = {
				ALWAYS_SEARCH_USER_PATHS = NO;
				CLANG_ANALYZER_NONNULL = YES;
				CLANG_ANALYZER_NUMBER_OBJECT_CONVERSION = YES_AGGRESSIVE;
				CLANG_CXX_LANGUAGE_STANDARD = "gnu++0x";
				CLANG_CXX_LIBRARY = "libc++";
				CLANG_ENABLE_MODULES = YES;
				CLANG_ENABLE_OBJC_ARC = YES;
				CLANG_WARN_BLOCK_CAPTURE_AUTORELEASING = YES;
				CLANG_WARN_BOOL_CONVERSION = YES;
				CLANG_WARN_COMMA = YES;
				CLANG_WARN_CONSTANT_CONVERSION = YES;
				CLANG_WARN_DEPRECATED_OBJC_IMPLEMENTATIONS = YES;
				CLANG_WARN_DIRECT_OBJC_ISA_USAGE = YES_ERROR;
				CLANG_WARN_DOCUMENTATION_COMMENTS = YES;
				CLANG_WARN_EMPTY_BODY = YES;
				CLANG_WARN_ENUM_CONVERSION = YES;
				CLANG_WARN_INFINITE_RECURSION = YES;
				CLANG_WARN_INT_CONVERSION = YES;
				CLANG_WARN_NON_LITERAL_NULL_CONVERSION = YES;
				CLANG_WARN_OBJC_IMPLICIT_RETAIN_SELF = YES;
				CLANG_WARN_OBJC_LITERAL_CONVERSION = YES;
				CLANG_WARN_OBJC_ROOT_CLASS = YES_ERROR;
				CLANG_WARN_RANGE_LOOP_ANALYSIS = YES;
				CLANG_WARN_STRICT_PROTOTYPES = YES;
				CLANG_WARN_SUSPICIOUS_MOVE = YES;
				CLANG_WARN_UNREACHABLE_CODE = YES;
				CLANG_WARN__DUPLICATE_METHOD_MATCH = YES;
				CODE_SIGN_IDENTITY = "-";
				COPY_PHASE_STRIP = NO;
				DEBUG_INFORMATION_FORMAT = dwarf;
				ENABLE_STRICT_OBJC_MSGSEND = YES;
				ENABLE_TESTABILITY = YES;
				GCC_C_LANGUAGE_STANDARD = gnu99;
				GCC_DYNAMIC_NO_PIC = NO;
				GCC_NO_COMMON_BLOCKS = YES;
				GCC_OPTIMIZATION_LEVEL = 0;
				GCC_PREPROCESSOR_DEFINITIONS = (
					"DEBUG=1",
					"$(inherited)",
				);
				GCC_WARN_64_TO_32_BIT_CONVERSION = YES;
				GCC_WARN_ABOUT_RETURN_TYPE = YES_ERROR;
				GCC_WARN_UNDECLARED_SELECTOR = YES;
				GCC_WARN_UNINITIALIZED_AUTOS = YES_AGGRESSIVE;
				GCC_WARN_UNUSED_FUNCTION = YES;
				GCC_WARN_UNUSED_VARIABLE = YES;
				MACOSX_DEPLOYMENT_TARGET = 10.12;
				MTL_ENABLE_DEBUG_INFO = YES;
				ONLY_ACTIVE_ARCH = YES;
				SDKROOT = macosx;
			};
			name = Debug;
		};
		345D93801EC4C47D003B7C63 /* Release */ = {
			isa = XCBuildConfiguration;
			buildSettings = {
				ALWAYS_SEARCH_USER_PATHS = NO;
				CLANG_ANALYZER_NONNULL = YES;
				CLANG_ANALYZER_NUMBER_OBJECT_CONVERSION = YES_AGGRESSIVE;
				CLANG_CXX_LANGUAGE_STANDARD = "gnu++0x";
				CLANG_CXX_LIBRARY = "libc++";
				CLANG_ENABLE_MODULES = YES;
				CLANG_ENABLE_OBJC_ARC = YES;
				CLANG_WARN_BLOCK_CAPTURE_AUTORELEASING = YES;
				CLANG_WARN_BOOL_CONVERSION = YES;
				CLANG_WARN_COMMA = YES;
				CLANG_WARN_CONSTANT_CONVERSION = YES;
				CLANG_WARN_DEPRECATED_OBJC_IMPLEMENTATIONS = YES;
				CLANG_WARN_DIRECT_OBJC_ISA_USAGE = YES_ERROR;
				CLANG_WARN_DOCUMENTATION_COMMENTS = YES;
				CLANG_WARN_EMPTY_BODY = YES;
				CLANG_WARN_ENUM_CONVERSION = YES;
				CLANG_WARN_INFINITE_RECURSION = YES;
				CLANG_WARN_INT_CONVERSION = YES;
				CLANG_WARN_NON_LITERAL_NULL_CONVERSION = YES;
				CLANG_WARN_OBJC_IMPLICIT_RETAIN_SELF = YES;
				CLANG_WARN_OBJC_LITERAL_CONVERSION = YES;
				CLANG_WARN_OBJC_ROOT_CLASS = YES_ERROR;
				CLANG_WARN_RANGE_LOOP_ANALYSIS = YES;
				CLANG_WARN_STRICT_PROTOTYPES = YES;
				CLANG_WARN_SUSPICIOUS_MOVE = YES;
				CLANG_WARN_UNREACHABLE_CODE = YES;
				CLANG_WARN__DUPLICATE_METHOD_MATCH = YES;
				CODE_SIGN_IDENTITY = "-";
				COPY_PHASE_STRIP = NO;
				DEBUG_INFORMATION_FORMAT = "dwarf-with-dsym";
				ENABLE_NS_ASSERTIONS = NO;
				ENABLE_STRICT_OBJC_MSGSEND = YES;
				GCC_C_LANGUAGE_STANDARD = gnu99;
				GCC_NO_COMMON_BLOCKS = YES;
				GCC_WARN_64_TO_32_BIT_CONVERSION = YES;
				GCC_WARN_ABOUT_RETURN_TYPE = YES_ERROR;
				GCC_WARN_UNDECLARED_SELECTOR = YES;
				GCC_WARN_UNINITIALIZED_AUTOS = YES_AGGRESSIVE;
				GCC_WARN_UNUSED_FUNCTION = YES;
				GCC_WARN_UNUSED_VARIABLE = YES;
				MACOSX_DEPLOYMENT_TARGET = 10.12;
				MTL_ENABLE_DEBUG_INFO = NO;
				SDKROOT = macosx;
			};
			name = Release;
		};
		348B4C9A21FD6F3000FDD235 /* Debug */ = {
			isa = XCBuildConfiguration;
			buildSettings = {
				CLANG_ENABLE_OBJC_ARC = NO;
				CLANG_ENABLE_OBJC_WEAK = YES;
				DEVELOPMENT_TEAM = CFJYV723M9;
				EXECUTABLE_PREFIX = lib;
				GCC_PREPROCESSOR_DEFINITIONS = (
					"WITH_DEBUG=1",
					"WITH_LUA=0",
					"WITH_CPP=1",
					"WITH_IPV6=1",
					"WITH_WEBSOCKET=0",
					"WITH_EXPERIMENTAL=0",
					"WITH_SERVER_STATS=0",
				);
				GCC_WARN_INHIBIT_ALL_WARNINGS = YES;
				HEADER_SEARCH_PATHS = "lib/nayuki-1.4.0";
				PRODUCT_NAME = "$(TARGET_NAME)";
				SKIP_INSTALL = YES;
			};
			name = Debug;
		};
		348B4C9B21FD6F3000FDD235 /* Release */ = {
			isa = XCBuildConfiguration;
			buildSettings = {
				CLANG_ENABLE_OBJC_ARC = NO;
				CLANG_ENABLE_OBJC_WEAK = YES;
				DEVELOPMENT_TEAM = CFJYV723M9;
				EXECUTABLE_PREFIX = lib;
				GCC_PREPROCESSOR_DEFINITIONS = (
					"WITH_LUA=0",
					"WITH_CPP=1",
					"WITH_IPV6=1",
					"WITH_WEBSOCKET=0",
					"WITH_EXPERIMENTAL=0",
					"WITH_SERVER_STATS=0",
				);
				GCC_WARN_INHIBIT_ALL_WARNINGS = YES;
				HEADER_SEARCH_PATHS = "lib/nayuki-1.4.0";
				PRODUCT_NAME = "$(TARGET_NAME)";
				SKIP_INSTALL = YES;
			};
			name = Release;
		};
		349C53C31EC4D6B9008D42C6 /* Debug */ = {
			isa = XCBuildConfiguration;
			buildSettings = {
				ASSETCATALOG_COMPILER_APPICON_NAME = AppIcon;
				COMBINE_HIDPI_IMAGES = YES;
				DEVELOPMENT_TEAM = CFJYV723M9;
				HEADER_SEARCH_PATHS = (
					"lib/glfw-3.2.1/include",
					"lib/civetweb-1.11/include",
					"lib/nayuki-1.4.0",
				);
				INFOPLIST_FILE = platform/macOS/Info.plist;
				LD_RUNPATH_SEARCH_PATHS = "$(inherited) @executable_path/../Frameworks";
				PRODUCT_NAME = "$(TARGET_NAME)";
			};
			name = Debug;
		};
		349C53C41EC4D6B9008D42C6 /* Release */ = {
			isa = XCBuildConfiguration;
			buildSettings = {
				ASSETCATALOG_COMPILER_APPICON_NAME = AppIcon;
				COMBINE_HIDPI_IMAGES = YES;
				DEVELOPMENT_TEAM = CFJYV723M9;
				HEADER_SEARCH_PATHS = (
					"lib/glfw-3.2.1/include",
					"lib/civetweb-1.11/include",
					"lib/nayuki-1.4.0",
				);
				INFOPLIST_FILE = platform/macOS/Info.plist;
				LD_RUNPATH_SEARCH_PATHS = "$(inherited) @executable_path/../Frameworks";
				PRODUCT_NAME = "$(TARGET_NAME)";
			};
			name = Release;
		};
		349DA40F21FD63E30038A877 /* Debug */ = {
			isa = XCBuildConfiguration;
			buildSettings = {
				CLANG_ENABLE_OBJC_ARC = NO;
				CLANG_ENABLE_OBJC_WEAK = YES;
				DEVELOPMENT_TEAM = CFJYV723M9;
				EXECUTABLE_PREFIX = lib;
				GCC_PREPROCESSOR_DEFINITIONS = (
					"WITH_DEBUG=1",
					"WITH_LUA=0",
					"WITH_CPP=1",
					"WITH_IPV6=1",
					"WITH_WEBSOCKET=0",
					"WITH_EXPERIMENTAL=0",
					"WITH_SERVER_STATS=0",
				);
				GCC_WARN_INHIBIT_ALL_WARNINGS = YES;
				HEADER_SEARCH_PATHS = "lib/civetweb-1.11/include";
				PRODUCT_NAME = "$(TARGET_NAME)";
				SKIP_INSTALL = YES;
			};
			name = Debug;
		};
		349DA41021FD63E30038A877 /* Release */ = {
			isa = XCBuildConfiguration;
			buildSettings = {
				CLANG_ENABLE_OBJC_ARC = NO;
				CLANG_ENABLE_OBJC_WEAK = YES;
				DEVELOPMENT_TEAM = CFJYV723M9;
				EXECUTABLE_PREFIX = lib;
				GCC_PREPROCESSOR_DEFINITIONS = (
					"WITH_LUA=0",
					"WITH_CPP=1",
					"WITH_IPV6=1",
					"WITH_WEBSOCKET=0",
					"WITH_EXPERIMENTAL=0",
					"WITH_SERVER_STATS=0",
				);
				GCC_WARN_INHIBIT_ALL_WARNINGS = YES;
				HEADER_SEARCH_PATHS = "lib/civetweb-1.11/include";
				PRODUCT_NAME = "$(TARGET_NAME)";
				SKIP_INSTALL = YES;
			};
			name = Release;
		};
/* End XCBuildConfiguration section */

/* Begin XCConfigurationList section */
		3455A6971EC4DA71000057E4 /* Build configuration list for PBXNativeTarget "glfw" */ = {
			isa = XCConfigurationList;
			buildConfigurations = (
				3455A6981EC4DA71000057E4 /* Debug */,
				3455A6991EC4DA71000057E4 /* Release */,
			);
			defaultConfigurationIsVisible = 0;
			defaultConfigurationName = Release;
		};
		345D93751EC4C47D003B7C63 /* Build configuration list for PBXProject "CouchPlay" */ = {
			isa = XCConfigurationList;
			buildConfigurations = (
				345D937F1EC4C47D003B7C63 /* Debug */,
				345D93801EC4C47D003B7C63 /* Release */,
			);
			defaultConfigurationIsVisible = 0;
			defaultConfigurationName = Release;
		};
		348B4C9921FD6F3000FDD235 /* Build configuration list for PBXNativeTarget "nayuki" */ = {
			isa = XCConfigurationList;
			buildConfigurations = (
				348B4C9A21FD6F3000FDD235 /* Debug */,
				348B4C9B21FD6F3000FDD235 /* Release */,
			);
			defaultConfigurationIsVisible = 0;
			defaultConfigurationName = Release;
		};
		349C53E41EC4D6B9008D42C6 /* Build configuration list for PBXNativeTarget "CouchPlay" */ = {
			isa = XCConfigurationList;
			buildConfigurations = (
				349C53C31EC4D6B9008D42C6 /* Debug */,
				349C53C41EC4D6B9008D42C6 /* Release */,
			);
			defaultConfigurationIsVisible = 0;
			defaultConfigurationName = Release;
		};
		349DA40E21FD63E30038A877 /* Build configuration list for PBXNativeTarget "civetweb" */ = {
			isa = XCConfigurationList;
			buildConfigurations = (
				349DA40F21FD63E30038A877 /* Debug */,
				349DA41021FD63E30038A877 /* Release */,
			);
			defaultConfigurationIsVisible = 0;
			defaultConfigurationName = Release;
		};
/* End XCConfigurationList section */
	};
	rootObject = 345D93721EC4C47D003B7C63 /* Project object */;
}
